// !$*UTF8*$!
{
	archiveVersion = 1;
	classes = {
	};
	objectVersion = 55;
	objects = {

/* Begin PBXBuildFile section */
		F00722D228CA1890000A091A /* TitleCollectionViewCell.swift in Sources */ = {isa = PBXBuildFile; fileRef = F00722D128CA1890000A091A /* TitleCollectionViewCell.swift */; };
		F00722D528CA1A32000A091A /* SDWebImage in Frameworks */ = {isa = PBXBuildFile; productRef = F00722D428CA1A32000A091A /* SDWebImage */; };
		F00722D728CA1A32000A091A /* SDWebImageMapKit in Frameworks */ = {isa = PBXBuildFile; productRef = F00722D628CA1A32000A091A /* SDWebImageMapKit */; };
		F0A00ABD28C216F70018D9BE /* APICaller.swift in Sources */ = {isa = PBXBuildFile; fileRef = F0A00ABC28C216F70018D9BE /* APICaller.swift */; };
		F0A00ABF28C217410018D9BE /* Constants.swift in Sources */ = {isa = PBXBuildFile; fileRef = F0A00ABE28C217410018D9BE /* Constants.swift */; };
		F0A00AC128C21C5A0018D9BE /* Title.swift in Sources */ = {isa = PBXBuildFile; fileRef = F0A00AC028C21C5A0018D9BE /* Title.swift */; };
		F0A7CF4528BFA18C00EC5DE1 /* CollectionViewTableViewCell.swift in Sources */ = {isa = PBXBuildFile; fileRef = F0A7CF4428BFA18C00EC5DE1 /* CollectionViewTableViewCell.swift */; };
		F0A7CF4728BFB66C00EC5DE1 /* HeroHeaderUIView.swift in Sources */ = {isa = PBXBuildFile; fileRef = F0A7CF4628BFB66C00EC5DE1 /* HeroHeaderUIView.swift */; };
		F0BCE77A28BE7A8200F51888 /* AppDelegate.swift in Sources */ = {isa = PBXBuildFile; fileRef = F0BCE77928BE7A8200F51888 /* AppDelegate.swift */; };
		F0BCE77C28BE7A8200F51888 /* SceneDelegate.swift in Sources */ = {isa = PBXBuildFile; fileRef = F0BCE77B28BE7A8200F51888 /* SceneDelegate.swift */; };
		F0BCE77E28BE7A8200F51888 /* MainTabBarViewController.swift in Sources */ = {isa = PBXBuildFile; fileRef = F0BCE77D28BE7A8200F51888 /* MainTabBarViewController.swift */; };
		F0BCE78328BE7A8600F51888 /* Assets.xcassets in Resources */ = {isa = PBXBuildFile; fileRef = F0BCE78228BE7A8600F51888 /* Assets.xcassets */; };
		F0BCE78628BE7A8600F51888 /* LaunchScreen.storyboard in Resources */ = {isa = PBXBuildFile; fileRef = F0BCE78428BE7A8600F51888 /* LaunchScreen.storyboard */; };
		F0BCE78F28BE7CBF00F51888 /* HomeViewController.swift in Sources */ = {isa = PBXBuildFile; fileRef = F0BCE78E28BE7CBF00F51888 /* HomeViewController.swift */; };
		F0BCE79128BE7CF700F51888 /* UpcomingViewController.swift in Sources */ = {isa = PBXBuildFile; fileRef = F0BCE79028BE7CF700F51888 /* UpcomingViewController.swift */; };
		F0BCE79328BE7D2400F51888 /* SearchViewController.swift in Sources */ = {isa = PBXBuildFile; fileRef = F0BCE79228BE7D2400F51888 /* SearchViewController.swift */; };
		F0BCE79528BE7D4600F51888 /* DownloadsViewController.swift in Sources */ = {isa = PBXBuildFile; fileRef = F0BCE79428BE7D4600F51888 /* DownloadsViewController.swift */; };
		F0DF85C928C7705A001C1DF6 /* Extensions.swift in Sources */ = {isa = PBXBuildFile; fileRef = F0DF85C828C7705A001C1DF6 /* Extensions.swift */; };
/* End PBXBuildFile section */

/* Begin PBXFileReference section */
		F00722D128CA1890000A091A /* TitleCollectionViewCell.swift */ = {isa = PBXFileReference; lastKnownFileType = sourcecode.swift; path = TitleCollectionViewCell.swift; sourceTree = "<group>"; };
		F0A00ABC28C216F70018D9BE /* APICaller.swift */ = {isa = PBXFileReference; lastKnownFileType = sourcecode.swift; path = APICaller.swift; sourceTree = "<group>"; };
		F0A00ABE28C217410018D9BE /* Constants.swift */ = {isa = PBXFileReference; lastKnownFileType = sourcecode.swift; path = Constants.swift; sourceTree = "<group>"; };
		F0A00AC028C21C5A0018D9BE /* Title.swift */ = {isa = PBXFileReference; lastKnownFileType = sourcecode.swift; path = Title.swift; sourceTree = "<group>"; };
		F0A7CF4428BFA18C00EC5DE1 /* CollectionViewTableViewCell.swift */ = {isa = PBXFileReference; lastKnownFileType = sourcecode.swift; path = CollectionViewTableViewCell.swift; sourceTree = "<group>"; };
		F0A7CF4628BFB66C00EC5DE1 /* HeroHeaderUIView.swift */ = {isa = PBXFileReference; lastKnownFileType = sourcecode.swift; path = HeroHeaderUIView.swift; sourceTree = "<group>"; };
		F0BCE77628BE7A8200F51888 /* Netflix Clone.app */ = {isa = PBXFileReference; explicitFileType = wrapper.application; includeInIndex = 0; path = "Netflix Clone.app"; sourceTree = BUILT_PRODUCTS_DIR; };
		F0BCE77928BE7A8200F51888 /* AppDelegate.swift */ = {isa = PBXFileReference; lastKnownFileType = sourcecode.swift; path = AppDelegate.swift; sourceTree = "<group>"; };
		F0BCE77B28BE7A8200F51888 /* SceneDelegate.swift */ = {isa = PBXFileReference; lastKnownFileType = sourcecode.swift; path = SceneDelegate.swift; sourceTree = "<group>"; };
		F0BCE77D28BE7A8200F51888 /* MainTabBarViewController.swift */ = {isa = PBXFileReference; lastKnownFileType = sourcecode.swift; path = MainTabBarViewController.swift; sourceTree = "<group>"; };
		F0BCE78228BE7A8600F51888 /* Assets.xcassets */ = {isa = PBXFileReference; lastKnownFileType = folder.assetcatalog; path = Assets.xcassets; sourceTree = "<group>"; };
		F0BCE78528BE7A8600F51888 /* Base */ = {isa = PBXFileReference; lastKnownFileType = file.storyboard; name = Base; path = Base.lproj/LaunchScreen.storyboard; sourceTree = "<group>"; };
		F0BCE78728BE7A8600F51888 /* Info.plist */ = {isa = PBXFileReference; lastKnownFileType = text.plist.xml; path = Info.plist; sourceTree = "<group>"; };
		F0BCE78E28BE7CBF00F51888 /* HomeViewController.swift */ = {isa = PBXFileReference; lastKnownFileType = sourcecode.swift; path = HomeViewController.swift; sourceTree = "<group>"; };
		F0BCE79028BE7CF700F51888 /* UpcomingViewController.swift */ = {isa = PBXFileReference; lastKnownFileType = sourcecode.swift; path = UpcomingViewController.swift; sourceTree = "<group>"; };
		F0BCE79228BE7D2400F51888 /* SearchViewController.swift */ = {isa = PBXFileReference; lastKnownFileType = sourcecode.swift; path = SearchViewController.swift; sourceTree = "<group>"; };
		F0BCE79428BE7D4600F51888 /* DownloadsViewController.swift */ = {isa = PBXFileReference; lastKnownFileType = sourcecode.swift; path = DownloadsViewController.swift; sourceTree = "<group>"; };
		F0DF85C828C7705A001C1DF6 /* Extensions.swift */ = {isa = PBXFileReference; lastKnownFileType = sourcecode.swift; path = Extensions.swift; sourceTree = "<group>"; };
/* End PBXFileReference section */

/* Begin PBXFrameworksBuildPhase section */
		F0BCE77328BE7A8200F51888 /* Frameworks */ = {
			isa = PBXFrameworksBuildPhase;
			buildActionMask = 2147483647;
			files = (
				F00722D728CA1A32000A091A /* SDWebImageMapKit in Frameworks */,
				F00722D528CA1A32000A091A /* SDWebImage in Frameworks */,
			);
			runOnlyForDeploymentPostprocessing = 0;
		};
/* End PBXFrameworksBuildPhase section */

/* Begin PBXGroup section */
		F0A7CF3F28BFA0E200EC5DE1 /* Views */ = {
			isa = PBXGroup;
			children = (
				F0A7CF4428BFA18C00EC5DE1 /* CollectionViewTableViewCell.swift */,
				F0A7CF4628BFB66C00EC5DE1 /* HeroHeaderUIView.swift */,
				F00722D128CA1890000A091A /* TitleCollectionViewCell.swift */,
			);
			path = Views;
			sourceTree = "<group>";
		};
		F0A7CF4028BFA0EA00EC5DE1 /* ViewModels */ = {
			isa = PBXGroup;
			children = (
			);
			path = ViewModels;
			sourceTree = "<group>";
		};
		F0A7CF4128BFA0F800EC5DE1 /* Models */ = {
			isa = PBXGroup;
			children = (
				F0A00AC028C21C5A0018D9BE /* Title.swift */,
			);
			path = Models;
			sourceTree = "<group>";
		};
		F0A7CF4228BFA13000EC5DE1 /* Resources */ = {
			isa = PBXGroup;
			children = (
				F0DF85C828C7705A001C1DF6 /* Extensions.swift */,
			);
			path = Resources;
			sourceTree = "<group>";
		};
		F0A7CF4328BFA13A00EC5DE1 /* Managers */ = {
			isa = PBXGroup;
			children = (
				F0A00ABC28C216F70018D9BE /* APICaller.swift */,
			);
			path = Managers;
			sourceTree = "<group>";
		};
		F0BCE76D28BE7A8200F51888 = {
			isa = PBXGroup;
			children = (
				F0BCE77828BE7A8200F51888 /* Netflix Clone */,
				F0BCE77728BE7A8200F51888 /* Products */,
			);
			sourceTree = "<group>";
		};
		F0BCE77728BE7A8200F51888 /* Products */ = {
			isa = PBXGroup;
			children = (
				F0BCE77628BE7A8200F51888 /* Netflix Clone.app */,
			);
			name = Products;
			sourceTree = "<group>";
		};
		F0BCE77828BE7A8200F51888 /* Netflix Clone */ = {
			isa = PBXGroup;
			children = (
				F0A7CF4328BFA13A00EC5DE1 /* Managers */,
				F0A7CF4228BFA13000EC5DE1 /* Resources */,
				F0A7CF4128BFA0F800EC5DE1 /* Models */,
				F0A7CF3F28BFA0E200EC5DE1 /* Views */,
				F0A7CF4028BFA0EA00EC5DE1 /* ViewModels */,
				F0BCE78D28BE7C9E00F51888 /* Controllers */,
				F0BCE77928BE7A8200F51888 /* AppDelegate.swift */,
				F0BCE77B28BE7A8200F51888 /* SceneDelegate.swift */,
				F0BCE77D28BE7A8200F51888 /* MainTabBarViewController.swift */,
				F0BCE78228BE7A8600F51888 /* Assets.xcassets */,
				F0BCE78428BE7A8600F51888 /* LaunchScreen.storyboard */,
				F0BCE78728BE7A8600F51888 /* Info.plist */,
				F0A00ABE28C217410018D9BE /* Constants.swift */,
			);
			path = "Netflix Clone";
			sourceTree = "<group>";
		};
		F0BCE78D28BE7C9E00F51888 /* Controllers */ = {
			isa = PBXGroup;
			children = (
				F0BCE78E28BE7CBF00F51888 /* HomeViewController.swift */,
				F0BCE79028BE7CF700F51888 /* UpcomingViewController.swift */,
				F0BCE79428BE7D4600F51888 /* DownloadsViewController.swift */,
				F0BCE79228BE7D2400F51888 /* SearchViewController.swift */,
			);
			path = Controllers;
			sourceTree = "<group>";
		};
/* End PBXGroup section */

/* Begin PBXNativeTarget section */
		F0BCE77528BE7A8200F51888 /* Netflix Clone */ = {
			isa = PBXNativeTarget;
			buildConfigurationList = F0BCE78A28BE7A8600F51888 /* Build configuration list for PBXNativeTarget "Netflix Clone" */;
			buildPhases = (
				F0BCE77228BE7A8200F51888 /* Sources */,
				F0BCE77328BE7A8200F51888 /* Frameworks */,
				F0BCE77428BE7A8200F51888 /* Resources */,
			);
			buildRules = (
			);
			dependencies = (
			);
			name = "Netflix Clone";
			packageProductDependencies = (
				F00722D428CA1A32000A091A /* SDWebImage */,
				F00722D628CA1A32000A091A /* SDWebImageMapKit */,
			);
			productName = "Netflix Clone";
			productReference = F0BCE77628BE7A8200F51888 /* Netflix Clone.app */;
			productType = "com.apple.product-type.application";
		};
/* End PBXNativeTarget section */

/* Begin PBXProject section */
		F0BCE76E28BE7A8200F51888 /* Project object */ = {
			isa = PBXProject;
			attributes = {
				BuildIndependentTargetsInParallel = 1;
				LastSwiftUpdateCheck = 1340;
				LastUpgradeCheck = 1340;
				TargetAttributes = {
					F0BCE77528BE7A8200F51888 = {
						CreatedOnToolsVersion = 13.4.1;
					};
				};
			};
			buildConfigurationList = F0BCE77128BE7A8200F51888 /* Build configuration list for PBXProject "Netflix Clone" */;
			compatibilityVersion = "Xcode 13.0";
			developmentRegion = en;
			hasScannedForEncodings = 0;
			knownRegions = (
				en,
				Base,
			);
			mainGroup = F0BCE76D28BE7A8200F51888;
			packageReferences = (
				F00722D328CA1A32000A091A /* XCRemoteSwiftPackageReference "SDWebImage" */,
			);
			productRefGroup = F0BCE77728BE7A8200F51888 /* Products */;
			projectDirPath = "";
			projectRoot = "";
			targets = (
				F0BCE77528BE7A8200F51888 /* Netflix Clone */,
			);
		};
/* End PBXProject section */

/* Begin PBXResourcesBuildPhase section */
		F0BCE77428BE7A8200F51888 /* Resources */ = {
			isa = PBXResourcesBuildPhase;
			buildActionMask = 2147483647;
			files = (
				F0BCE78628BE7A8600F51888 /* LaunchScreen.storyboard in Resources */,
				F0BCE78328BE7A8600F51888 /* Assets.xcassets in Resources */,
			);
			runOnlyForDeploymentPostprocessing = 0;
		};
/* End PBXResourcesBuildPhase section */

/* Begin PBXSourcesBuildPhase section */
		F0BCE77228BE7A8200F51888 /* Sources */ = {
			isa = PBXSourcesBuildPhase;
			buildActionMask = 2147483647;
			files = (
				F0BCE79328BE7D2400F51888 /* SearchViewController.swift in Sources */,
				F0A00ABF28C217410018D9BE /* Constants.swift in Sources */,
				F0A00AC128C21C5A0018D9BE /* Title.swift in Sources */,
				F0BCE77E28BE7A8200F51888 /* MainTabBarViewController.swift in Sources */,
				F0A7CF4528BFA18C00EC5DE1 /* CollectionViewTableViewCell.swift in Sources */,
				F0A00ABD28C216F70018D9BE /* APICaller.swift in Sources */,
				F0A7CF4728BFB66C00EC5DE1 /* HeroHeaderUIView.swift in Sources */,
				F00722D228CA1890000A091A /* TitleCollectionViewCell.swift in Sources */,
				F0BCE79528BE7D4600F51888 /* DownloadsViewController.swift in Sources */,
				F0DF85C928C7705A001C1DF6 /* Extensions.swift in Sources */,
				F0BCE77A28BE7A8200F51888 /* AppDelegate.swift in Sources */,
				F0BCE77C28BE7A8200F51888 /* SceneDelegate.swift in Sources */,
				F0BCE79128BE7CF700F51888 /* UpcomingViewController.swift in Sources */,
				F0BCE78F28BE7CBF00F51888 /* HomeViewController.swift in Sources */,
			);
			runOnlyForDeploymentPostprocessing = 0;
		};
/* End PBXSourcesBuildPhase section */

/* Begin PBXVariantGroup section */
		F0BCE78428BE7A8600F51888 /* LaunchScreen.storyboard */ = {
			isa = PBXVariantGroup;
			children = (
				F0BCE78528BE7A8600F51888 /* Base */,
			);
			name = LaunchScreen.storyboard;
			sourceTree = "<group>";
		};
/* End PBXVariantGroup section */

/* Begin XCBuildConfiguration section */
		F0BCE78828BE7A8600F51888 /* Debug */ = {
			isa = XCBuildConfiguration;
			buildSettings = {
				ALWAYS_SEARCH_USER_PATHS = NO;
				CLANG_ANALYZER_NONNULL = YES;
				CLANG_ANALYZER_NUMBER_OBJECT_CONVERSION = YES_AGGRESSIVE;
				CLANG_CXX_LANGUAGE_STANDARD = "gnu++17";
				CLANG_ENABLE_MODULES = YES;
				CLANG_ENABLE_OBJC_ARC = YES;
				CLANG_ENABLE_OBJC_WEAK = YES;
				CLANG_WARN_BLOCK_CAPTURE_AUTORELEASING = YES;
				CLANG_WARN_BOOL_CONVERSION = YES;
				CLANG_WARN_COMMA = YES;
				CLANG_WARN_CONSTANT_CONVERSION = YES;
				CLANG_WARN_DEPRECATED_OBJC_IMPLEMENTATIONS = YES;
				CLANG_WARN_DIRECT_OBJC_ISA_USAGE = YES_ERROR;
				CLANG_WARN_DOCUMENTATION_COMMENTS = YES;
				CLANG_WARN_EMPTY_BODY = YES;
				CLANG_WARN_ENUM_CONVERSION = YES;
				CLANG_WARN_INFINITE_RECURSION = YES;
				CLANG_WARN_INT_CONVERSION = YES;
				CLANG_WARN_NON_LITERAL_NULL_CONVERSION = YES;
				CLANG_WARN_OBJC_IMPLICIT_RETAIN_SELF = YES;
				CLANG_WARN_OBJC_LITERAL_CONVERSION = YES;
				CLANG_WARN_OBJC_ROOT_CLASS = YES_ERROR;
				CLANG_WARN_QUOTED_INCLUDE_IN_FRAMEWORK_HEADER = YES;
				CLANG_WARN_RANGE_LOOP_ANALYSIS = YES;
				CLANG_WARN_STRICT_PROTOTYPES = YES;
				CLANG_WARN_SUSPICIOUS_MOVE = YES;
				CLANG_WARN_UNGUARDED_AVAILABILITY = YES_AGGRESSIVE;
				CLANG_WARN_UNREACHABLE_CODE = YES;
				CLANG_WARN__DUPLICATE_METHOD_MATCH = YES;
				COPY_PHASE_STRIP = NO;
				DEBUG_INFORMATION_FORMAT = dwarf;
				ENABLE_STRICT_OBJC_MSGSEND = YES;
				ENABLE_TESTABILITY = YES;
				GCC_C_LANGUAGE_STANDARD = gnu11;
				GCC_DYNAMIC_NO_PIC = NO;
				GCC_NO_COMMON_BLOCKS = YES;
				GCC_OPTIMIZATION_LEVEL = 0;
				GCC_PREPROCESSOR_DEFINITIONS = (
					"DEBUG=1",
					"$(inherited)",
				);
				GCC_WARN_64_TO_32_BIT_CONVERSION = YES;
				GCC_WARN_ABOUT_RETURN_TYPE = YES_ERROR;
				GCC_WARN_UNDECLARED_SELECTOR = YES;
				GCC_WARN_UNINITIALIZED_AUTOS = YES_AGGRESSIVE;
				GCC_WARN_UNUSED_FUNCTION = YES;
				GCC_WARN_UNUSED_VARIABLE = YES;
				IPHONEOS_DEPLOYMENT_TARGET = 15.5;
				MTL_ENABLE_DEBUG_INFO = INCLUDE_SOURCE;
				MTL_FAST_MATH = YES;
				ONLY_ACTIVE_ARCH = YES;
				SDKROOT = iphoneos;
				SWIFT_ACTIVE_COMPILATION_CONDITIONS = DEBUG;
				SWIFT_OPTIMIZATION_LEVEL = "-Onone";
			};
			name = Debug;
		};
		F0BCE78928BE7A8600F51888 /* Release */ = {
			isa = XCBuildConfiguration;
			buildSettings = {
				ALWAYS_SEARCH_USER_PATHS = NO;
				CLANG_ANALYZER_NONNULL = YES;
				CLANG_ANALYZER_NUMBER_OBJECT_CONVERSION = YES_AGGRESSIVE;
				CLANG_CXX_LANGUAGE_STANDARD = "gnu++17";
				CLANG_ENABLE_MODULES = YES;
				CLANG_ENABLE_OBJC_ARC = YES;
				CLANG_ENABLE_OBJC_WEAK = YES;
				CLANG_WARN_BLOCK_CAPTURE_AUTORELEASING = YES;
				CLANG_WARN_BOOL_CONVERSION = YES;
				CLANG_WARN_COMMA = YES;
				CLANG_WARN_CONSTANT_CONVERSION = YES;
				CLANG_WARN_DEPRECATED_OBJC_IMPLEMENTATIONS = YES;
				CLANG_WARN_DIRECT_OBJC_ISA_USAGE = YES_ERROR;
				CLANG_WARN_DOCUMENTATION_COMMENTS = YES;
				CLANG_WARN_EMPTY_BODY = YES;
				CLANG_WARN_ENUM_CONVERSION = YES;
				CLANG_WARN_INFINITE_RECURSION = YES;
				CLANG_WARN_INT_CONVERSION = YES;
				CLANG_WARN_NON_LITERAL_NULL_CONVERSION = YES;
				CLANG_WARN_OBJC_IMPLICIT_RETAIN_SELF = YES;
				CLANG_WARN_OBJC_LITERAL_CONVERSION = YES;
				CLANG_WARN_OBJC_ROOT_CLASS = YES_ERROR;
				CLANG_WARN_QUOTED_INCLUDE_IN_FRAMEWORK_HEADER = YES;
				CLANG_WARN_RANGE_LOOP_ANALYSIS = YES;
				CLANG_WARN_STRICT_PROTOTYPES = YES;
				CLANG_WARN_SUSPICIOUS_MOVE = YES;
				CLANG_WARN_UNGUARDED_AVAILABILITY = YES_AGGRESSIVE;
				CLANG_WARN_UNREACHABLE_CODE = YES;
				CLANG_WARN__DUPLICATE_METHOD_MATCH = YES;
				COPY_PHASE_STRIP = NO;
				DEBUG_INFORMATION_FORMAT = "dwarf-with-dsym";
				ENABLE_NS_ASSERTIONS = NO;
				ENABLE_STRICT_OBJC_MSGSEND = YES;
				GCC_C_LANGUAGE_STANDARD = gnu11;
				GCC_NO_COMMON_BLOCKS = YES;
				GCC_WARN_64_TO_32_BIT_CONVERSION = YES;
				GCC_WARN_ABOUT_RETURN_TYPE = YES_ERROR;
				GCC_WARN_UNDECLARED_SELECTOR = YES;
				GCC_WARN_UNINITIALIZED_AUTOS = YES_AGGRESSIVE;
				GCC_WARN_UNUSED_FUNCTION = YES;
				GCC_WARN_UNUSED_VARIABLE = YES;
				IPHONEOS_DEPLOYMENT_TARGET = 15.5;
				MTL_ENABLE_DEBUG_INFO = NO;
				MTL_FAST_MATH = YES;
				SDKROOT = iphoneos;
				SWIFT_COMPILATION_MODE = wholemodule;
				SWIFT_OPTIMIZATION_LEVEL = "-O";
				VALIDATE_PRODUCT = YES;
			};
			name = Release;
		};
		F0BCE78B28BE7A8600F51888 /* Debug */ = {
			isa = XCBuildConfiguration;
			buildSettings = {
				ASSETCATALOG_COMPILER_APPICON_NAME = AppIcon;
				ASSETCATALOG_COMPILER_GLOBAL_ACCENT_COLOR_NAME = AccentColor;
				CODE_SIGN_STYLE = Automatic;
				CURRENT_PROJECT_VERSION = 1;
				DEVELOPMENT_TEAM = V4H8WGK6Y5;
				GENERATE_INFOPLIST_FILE = YES;
				INFOPLIST_FILE = "Netflix Clone/Info.plist";
				INFOPLIST_KEY_UIApplicationSupportsIndirectInputEvents = YES;
				INFOPLIST_KEY_UILaunchStoryboardName = LaunchScreen;
				INFOPLIST_KEY_UISupportedInterfaceOrientations_iPad = "UIInterfaceOrientationPortrait UIInterfaceOrientationPortraitUpsideDown UIInterfaceOrientationLandscapeLeft UIInterfaceOrientationLandscapeRight";
				INFOPLIST_KEY_UISupportedInterfaceOrientations_iPhone = "UIInterfaceOrientationPortrait UIInterfaceOrientationLandscapeLeft UIInterfaceOrientationLandscapeRight";
				LD_RUNPATH_SEARCH_PATHS = (
					"$(inherited)",
					"@executable_path/Frameworks",
				);
				MARKETING_VERSION = 1.0;
				PRODUCT_BUNDLE_IDENTIFIER = "com.kmitina.Netflix-Clone";
				PRODUCT_NAME = "$(TARGET_NAME)";
				SWIFT_EMIT_LOC_STRINGS = YES;
				SWIFT_VERSION = 5.0;
				TARGETED_DEVICE_FAMILY = "1,2";
			};
			name = Debug;
		};
		F0BCE78C28BE7A8600F51888 /* Release */ = {
			isa = XCBuildConfiguration;
			buildSettings = {
				ASSETCATALOG_COMPILER_APPICON_NAME = AppIcon;
				ASSETCATALOG_COMPILER_GLOBAL_ACCENT_COLOR_NAME = AccentColor;
				CODE_SIGN_STYLE = Automatic;
				CURRENT_PROJECT_VERSION = 1;
				DEVELOPMENT_TEAM = V4H8WGK6Y5;
				GENERATE_INFOPLIST_FILE = YES;
				INFOPLIST_FILE = "Netflix Clone/Info.plist";
				INFOPLIST_KEY_UIApplicationSupportsIndirectInputEvents = YES;
				INFOPLIST_KEY_UILaunchStoryboardName = LaunchScreen;
				INFOPLIST_KEY_UISupportedInterfaceOrientations_iPad = "UIInterfaceOrientationPortrait UIInterfaceOrientationPortraitUpsideDown UIInterfaceOrientationLandscapeLeft UIInterfaceOrientationLandscapeRight";
				INFOPLIST_KEY_UISupportedInterfaceOrientations_iPhone = "UIInterfaceOrientationPortrait UIInterfaceOrientationLandscapeLeft UIInterfaceOrientationLandscapeRight";
				LD_RUNPATH_SEARCH_PATHS = (
					"$(inherited)",
					"@executable_path/Frameworks",
				);
				MARKETING_VERSION = 1.0;
				PRODUCT_BUNDLE_IDENTIFIER = "com.kmitina.Netflix-Clone";
				PRODUCT_NAME = "$(TARGET_NAME)";
				SWIFT_EMIT_LOC_STRINGS = YES;
				SWIFT_VERSION = 5.0;
				TARGETED_DEVICE_FAMILY = "1,2";
			};
			name = Release;
		};
/* End XCBuildConfiguration section */

/* Begin XCConfigurationList section */
		F0BCE77128BE7A8200F51888 /* Build configuration list for PBXProject "Netflix Clone" */ = {
			isa = XCConfigurationList;
			buildConfigurations = (
				F0BCE78828BE7A8600F51888 /* Debug */,
				F0BCE78928BE7A8600F51888 /* Release */,
			);
			defaultConfigurationIsVisible = 0;
			defaultConfigurationName = Release;
		};
		F0BCE78A28BE7A8600F51888 /* Build configuration list for PBXNativeTarget "Netflix Clone" */ = {
			isa = XCConfigurationList;
			buildConfigurations = (
				F0BCE78B28BE7A8600F51888 /* Debug */,
				F0BCE78C28BE7A8600F51888 /* Release */,
			);
			defaultConfigurationIsVisible = 0;
			defaultConfigurationName = Release;
		};
/* End XCConfigurationList section */

/* Begin XCRemoteSwiftPackageReference section */
		F00722D328CA1A32000A091A /* XCRemoteSwiftPackageReference "SDWebImage" */ = {
			isa = XCRemoteSwiftPackageReference;
			repositoryURL = "https://github.com/SDWebImage/SDWebImage.git";
			requirement = {
				branch = master;
				kind = branch;
			};
		};
/* End XCRemoteSwiftPackageReference section */

/* Begin XCSwiftPackageProductDependency section */
		F00722D428CA1A32000A091A /* SDWebImage */ = {
			isa = XCSwiftPackageProductDependency;
			package = F00722D328CA1A32000A091A /* XCRemoteSwiftPackageReference "SDWebImage" */;
			productName = SDWebImage;
		};
		F00722D628CA1A32000A091A /* SDWebImageMapKit */ = {
			isa = XCSwiftPackageProductDependency;
			package = F00722D328CA1A32000A091A /* XCRemoteSwiftPackageReference "SDWebImage" */;
			productName = SDWebImageMapKit;
		};
/* End XCSwiftPackageProductDependency section */
	};
	rootObject = F0BCE76E28BE7A8200F51888 /* Project object */;
}
